// !$*UTF8*$!
{
	archiveVersion = 1;
	classes = {
	};
	objectVersion = 46;
	objects = {

/* Begin PBXBuildFile section */
		FFD50C031D3B3A38004D4B2E /* main.m in Sources */ = {isa = PBXBuildFile; fileRef = FFD50C021D3B3A38004D4B2E /* main.m */; };
		FFD50C061D3B3A38004D4B2E /* AppDelegate.m in Sources */ = {isa = PBXBuildFile; fileRef = FFD50C051D3B3A38004D4B2E /* AppDelegate.m */; };
		FFD50C091D3B3A38004D4B2E /* ViewController.m in Sources */ = {isa = PBXBuildFile; fileRef = FFD50C081D3B3A38004D4B2E /* ViewController.m */; };
		FFD50C0C1D3B3A38004D4B2E /* Main.storyboard in Resources */ = {isa = PBXBuildFile; fileRef = FFD50C0A1D3B3A38004D4B2E /* Main.storyboard */; };
		FFD50C0E1D3B3A38004D4B2E /* Assets.xcassets in Resources */ = {isa = PBXBuildFile; fileRef = FFD50C0D1D3B3A38004D4B2E /* Assets.xcassets */; };
		FFD50C111D3B3A38004D4B2E /* LaunchScreen.storyboard in Resources */ = {isa = PBXBuildFile; fileRef = FFD50C0F1D3B3A38004D4B2E /* LaunchScreen.storyboard */; };
		FFD50C1C1D3B3A38004D4B2E /* JsonParseTests.m in Sources */ = {isa = PBXBuildFile; fileRef = FFD50C1B1D3B3A38004D4B2E /* JsonParseTests.m */; };
/* End PBXBuildFile section */

/* Begin PBXContainerItemProxy section */
		FFD50C181D3B3A38004D4B2E /* PBXContainerItemProxy */ = {
			isa = PBXContainerItemProxy;
			containerPortal = FFD50BF61D3B3A37004D4B2E /* Project object */;
			proxyType = 1;
			remoteGlobalIDString = FFD50BFD1D3B3A37004D4B2E;
			remoteInfo = JsonParse;
		};
/* End PBXContainerItemProxy section */

/* Begin PBXFileReference section */
		FFD50BFE1D3B3A38004D4B2E /* JsonParse.app */ = {isa = PBXFileReference; explicitFileType = wrapper.application; includeInIndex = 0; path = JsonParse.app; sourceTree = BUILT_PRODUCTS_DIR; };
		FFD50C021D3B3A38004D4B2E /* main.m */ = {isa = PBXFileReference; lastKnownFileType = sourcecode.c.objc; path = main.m; sourceTree = "<group>"; };
		FFD50C041D3B3A38004D4B2E /* AppDelegate.h */ = {isa = PBXFileReference; lastKnownFileType = sourcecode.c.h; path = AppDelegate.h; sourceTree = "<group>"; };
		FFD50C051D3B3A38004D4B2E /* AppDelegate.m */ = {isa = PBXFileReference; lastKnownFileType = sourcecode.c.objc; path = AppDelegate.m; sourceTree = "<group>"; };
		FFD50C071D3B3A38004D4B2E /* ViewController.h */ = {isa = PBXFileReference; lastKnownFileType = sourcecode.c.h; path = ViewController.h; sourceTree = "<group>"; };
		FFD50C081D3B3A38004D4B2E /* ViewController.m */ = {isa = PBXFileReference; lastKnownFileType = sourcecode.c.objc; path = ViewController.m; sourceTree = "<group>"; };
		FFD50C0B1D3B3A38004D4B2E /* Base */ = {isa = PBXFileReference; lastKnownFileType = file.storyboard; name = Base; path = Base.lproj/Main.storyboard; sourceTree = "<group>"; };
		FFD50C0D1D3B3A38004D4B2E /* Assets.xcassets */ = {isa = PBXFileReference; lastKnownFileType = folder.assetcatalog; path = Assets.xcassets; sourceTree = "<group>"; };
		FFD50C101D3B3A38004D4B2E /* Base */ = {isa = PBXFileReference; lastKnownFileType = file.storyboard; name = Base; path = Base.lproj/LaunchScreen.storyboard; sourceTree = "<group>"; };
		FFD50C121D3B3A38004D4B2E /* Info.plist */ = {isa = PBXFileReference; lastKnownFileType = text.plist.xml; path = Info.plist; sourceTree = "<group>"; };
		FFD50C171D3B3A38004D4B2E /* JsonParseTests.xctest */ = {isa = PBXFileReference; explicitFileType = wrapper.cfbundle; includeInIndex = 0; path = JsonParseTests.xctest; sourceTree = BUILT_PRODUCTS_DIR; };
		FFD50C1B1D3B3A38004D4B2E /* JsonParseTests.m */ = {isa = PBXFileReference; lastKnownFileType = sourcecode.c.objc; path = JsonParseTests.m; sourceTree = "<group>"; };
		FFD50C1D1D3B3A38004D4B2E /* Info.plist */ = {isa = PBXFileReference; lastKnownFileType = text.plist.xml; path = Info.plist; sourceTree = "<group>"; };
/* End PBXFileReference section */

/* Begin PBXFrameworksBuildPhase section */
		FFD50BFB1D3B3A37004D4B2E /* Frameworks */ = {
			isa = PBXFrameworksBuildPhase;
			buildActionMask = 2147483647;
			files = (
			);
			runOnlyForDeploymentPostprocessing = 0;
		};
		FFD50C141D3B3A38004D4B2E /* Frameworks */ = {
			isa = PBXFrameworksBuildPhase;
			buildActionMask = 2147483647;
			files = (
			);
			runOnlyForDeploymentPostprocessing = 0;
		};
/* End PBXFrameworksBuildPhase section */

/* Begin PBXGroup section */
		FFD50BF51D3B3A37004D4B2E = {
			isa = PBXGroup;
			children = (
				FFD50C001D3B3A38004D4B2E /* JsonParse */,
				FFD50C1A1D3B3A38004D4B2E /* JsonParseTests */,
				FFD50BFF1D3B3A38004D4B2E /* Products */,
			);
			sourceTree = "<group>";
		};
		FFD50BFF1D3B3A38004D4B2E /* Products */ = {
			isa = PBXGroup;
			children = (
				FFD50BFE1D3B3A38004D4B2E /* JsonParse.app */,
				FFD50C171D3B3A38004D4B2E /* JsonParseTests.xctest */,
			);
			name = Products;
			sourceTree = "<group>";
		};
		FFD50C001D3B3A38004D4B2E /* JsonParse */ = {
			isa = PBXGroup;
			children = (
				FFD50C041D3B3A38004D4B2E /* AppDelegate.h */,
				FFD50C051D3B3A38004D4B2E /* AppDelegate.m */,
				FFD50C071D3B3A38004D4B2E /* ViewController.h */,
				FFD50C081D3B3A38004D4B2E /* ViewController.m */,
				FFD50C0A1D3B3A38004D4B2E /* Main.storyboard */,
				FFD50C0D1D3B3A38004D4B2E /* Assets.xcassets */,
				FFD50C0F1D3B3A38004D4B2E /* LaunchScreen.storyboard */,
				FFD50C121D3B3A38004D4B2E /* Info.plist */,
				FFD50C011D3B3A38004D4B2E /* Supporting Files */,
			);
			path = JsonParse;
			sourceTree = "<group>";
		};
		FFD50C011D3B3A38004D4B2E /* Supporting Files */ = {
			isa = PBXGroup;
			children = (
				FFD50C021D3B3A38004D4B2E /* main.m */,
			);
			name = "Supporting Files";
			sourceTree = "<group>";
		};
		FFD50C1A1D3B3A38004D4B2E /* JsonParseTests */ = {
			isa = PBXGroup;
			children = (
				FFD50C1B1D3B3A38004D4B2E /* JsonParseTests.m */,
				FFD50C1D1D3B3A38004D4B2E /* Info.plist */,
			);
			path = JsonParseTests;
			sourceTree = "<group>";
		};
/* End PBXGroup section */

/* Begin PBXNativeTarget section */
		FFD50BFD1D3B3A37004D4B2E /* JsonParse */ = {
			isa = PBXNativeTarget;
			buildConfigurationList = FFD50C201D3B3A38004D4B2E /* Build configuration list for PBXNativeTarget "JsonParse" */;
			buildPhases = (
				FFD50BFA1D3B3A37004D4B2E /* Sources */,
				FFD50BFB1D3B3A37004D4B2E /* Frameworks */,
				FFD50BFC1D3B3A37004D4B2E /* Resources */,
			);
			buildRules = (
			);
			dependencies = (
			);
			name = JsonParse;
			productName = JsonParse;
			productReference = FFD50BFE1D3B3A38004D4B2E /* JsonParse.app */;
			productType = "com.apple.product-type.application";
		};
		FFD50C161D3B3A38004D4B2E /* JsonParseTests */ = {
			isa = PBXNativeTarget;
			buildConfigurationList = FFD50C231D3B3A38004D4B2E /* Build configuration list for PBXNativeTarget "JsonParseTests" */;
			buildPhases = (
				FFD50C131D3B3A38004D4B2E /* Sources */,
				FFD50C141D3B3A38004D4B2E /* Frameworks */,
				FFD50C151D3B3A38004D4B2E /* Resources */,
			);
			buildRules = (
			);
			dependencies = (
				FFD50C191D3B3A38004D4B2E /* PBXTargetDependency */,
			);
			name = JsonParseTests;
			productName = JsonParseTests;
			productReference = FFD50C171D3B3A38004D4B2E /* JsonParseTests.xctest */;
			productType = "com.apple.product-type.bundle.unit-test";
		};
/* End PBXNativeTarget section */

/* Begin PBXProject section */
		FFD50BF61D3B3A37004D4B2E /* Project object */ = {
			isa = PBXProject;
			attributes = {
				LastUpgradeCheck = 0700;
				ORGANIZATIONNAME = "Bhavik Panchal";
				TargetAttributes = {
					FFD50BFD1D3B3A37004D4B2E = {
						CreatedOnToolsVersion = 7.0;
					};
					FFD50C161D3B3A38004D4B2E = {
						CreatedOnToolsVersion = 7.0;
						TestTargetID = FFD50BFD1D3B3A37004D4B2E;
					};
				};
			};
			buildConfigurationList = FFD50BF91D3B3A37004D4B2E /* Build configuration list for PBXProject "JsonParse" */;
			compatibilityVersion = "Xcode 3.2";
			developmentRegion = English;
			hasScannedForEncodings = 0;
			knownRegions = (
				en,
				Base,
			);
			mainGroup = FFD50BF51D3B3A37004D4B2E;
			productRefGroup = FFD50BFF1D3B3A38004D4B2E /* Products */;
			projectDirPath = "";
			projectRoot = "";
			targets = (
				FFD50BFD1D3B3A37004D4B2E /* JsonParse */,
				FFD50C161D3B3A38004D4B2E /* JsonParseTests */,
			);
		};
/* End PBXProject section */

/* Begin PBXResourcesBuildPhase section */
		FFD50BFC1D3B3A37004D4B2E /* Resources */ = {
			isa = PBXResourcesBuildPhase;
			buildActionMask = 2147483647;
			files = (
				FFD50C111D3B3A38004D4B2E /* LaunchScreen.storyboard in Resources */,
				FFD50C0E1D3B3A38004D4B2E /* Assets.xcassets in Resources */,
				FFD50C0C1D3B3A38004D4B2E /* Main.storyboard in Resources */,
			);
			runOnlyForDeploymentPostprocessing = 0;
		};
		FFD50C151D3B3A38004D4B2E /* Resources */ = {
			isa = PBXResourcesBuildPhase;
			buildActionMask = 2147483647;
			files = (
			);
			runOnlyForDeploymentPostprocessing = 0;
		};
/* End PBXResourcesBuildPhase section */

/* Begin PBXSourcesBuildPhase section */
		FFD50BFA1D3B3A37004D4B2E /* Sources */ = {
			isa = PBXSourcesBuildPhase;
			buildActionMask = 2147483647;
			files = (
				FFD50C091D3B3A38004D4B2E /* ViewController.m in Sources */,
				FFD50C061D3B3A38004D4B2E /* AppDelegate.m in Sources */,
				FFD50C031D3B3A38004D4B2E /* main.m in Sources */,
			);
			runOnlyForDeploymentPostprocessing = 0;
		};
		FFD50C131D3B3A38004D4B2E /* Sources */ = {
			isa = PBXSourcesBuildPhase;
			buildActionMask = 2147483647;
			files = (
				FFD50C1C1D3B3A38004D4B2E /* JsonParseTests.m in Sources */,
			);
			runOnlyForDeploymentPostprocessing = 0;
		};
/* End PBXSourcesBuildPhase section */

/* Begin PBXTargetDependency section */
		FFD50C191D3B3A38004D4B2E /* PBXTargetDependency */ = {
			isa = PBXTargetDependency;
			target = FFD50BFD1D3B3A37004D4B2E /* JsonParse */;
			targetProxy = FFD50C181D3B3A38004D4B2E /* PBXContainerItemProxy */;
		};
/* End PBXTargetDependency section */

/* Begin PBXVariantGroup section */
		FFD50C0A1D3B3A38004D4B2E /* Main.storyboard */ = {
			isa = PBXVariantGroup;
			children = (
				FFD50C0B1D3B3A38004D4B2E /* Base */,
			);
			name = Main.storyboard;
			sourceTree = "<group>";
		};
		FFD50C0F1D3B3A38004D4B2E /* LaunchScreen.storyboard */ = {
			isa = PBXVariantGroup;
			children = (
				FFD50C101D3B3A38004D4B2E /* Base */,
			);
			name = LaunchScreen.storyboard;
			sourceTree = "<group>";
		};
/* End PBXVariantGroup section */

/* Begin XCBuildConfiguration section */
		FFD50C1E1D3B3A38004D4B2E /* Debug */ = {
			isa = XCBuildConfiguration;
			buildSettings = {
				ALWAYS_SEARCH_USER_PATHS = NO;
				CLANG_CXX_LANGUAGE_STANDARD = "gnu++0x";
				CLANG_CXX_LIBRARY = "libc++";
				CLANG_ENABLE_MODULES = YES;
				CLANG_ENABLE_OBJC_ARC = YES;
				CLANG_WARN_BOOL_CONVERSION = YES;
				CLANG_WARN_CONSTANT_CONVERSION = YES;
				CLANG_WARN_DIRECT_OBJC_ISA_USAGE = YES_ERROR;
				CLANG_WARN_EMPTY_BODY = YES;
				CLANG_WARN_ENUM_CONVERSION = YES;
				CLANG_WARN_INT_CONVERSION = YES;
				CLANG_WARN_OBJC_ROOT_CLASS = YES_ERROR;
				CLANG_WARN_UNREACHABLE_CODE = YES;
				CLANG_WARN__DUPLICATE_METHOD_MATCH = YES;
				"CODE_SIGN_IDENTITY[sdk=iphoneos*]" = "iPhone Developer";
				COPY_PHASE_STRIP = NO;
				DEBUG_INFORMATION_FORMAT = dwarf;
				ENABLE_STRICT_OBJC_MSGSEND = YES;
				ENABLE_TESTABILITY = YES;
				GCC_C_LANGUAGE_STANDARD = gnu99;
				GCC_DYNAMIC_NO_PIC = NO;
				GCC_NO_COMMON_BLOCKS = YES;
				GCC_OPTIMIZATION_LEVEL = 0;
				GCC_PREPROCESSOR_DEFINITIONS = (
					"DEBUG=1",
					"$(inherited)",
				);
				GCC_WARN_64_TO_32_BIT_CONVERSION = YES;
				GCC_WARN_ABOUT_RETURN_TYPE = YES_ERROR;
				GCC_WARN_UNDECLARED_SELECTOR = YES;
				GCC_WARN_UNINITIALIZED_AUTOS = YES_AGGRESSIVE;
				GCC_WARN_UNUSED_FUNCTION = YES;
				GCC_WARN_UNUSED_VARIABLE = YES;
				IPHONEOS_DEPLOYMENT_TARGET = 9.0;
				MTL_ENABLE_DEBUG_INFO = YES;
				ONLY_ACTIVE_ARCH = YES;
				SDKROOT = iphoneos;
				TARGETED_DEVICE_FAMILY = "1,2";
			};
			name = Debug;
		};
		FFD50C1F1D3B3A38004D4B2E /* Release */ = {
			isa = XCBuildConfiguration;
			buildSettings = {
				ALWAYS_SEARCH_USER_PATHS = NO;
				CLANG_CXX_LANGUAGE_STANDARD = "gnu++0x";
				CLANG_CXX_LIBRARY = "libc++";
				CLANG_ENABLE_MODULES = YES;
				CLANG_ENABLE_OBJC_ARC = YES;
				CLANG_WARN_BOOL_CONVERSION = YES;
				CLANG_WARN_CONSTANT_CONVERSION = YES;
				CLANG_WARN_DIRECT_OBJC_ISA_USAGE = YES_ERROR;
				CLANG_WARN_EMPTY_BODY = YES;
				CLANG_WARN_ENUM_CONVERSION = YES;
				CLANG_WARN_INT_CONVERSION = YES;
				CLANG_WARN_OBJC_ROOT_CLASS = YES_ERROR;
				CLANG_WARN_UNREACHABLE_CODE = YES;
				CLANG_WARN__DUPLICATE_METHOD_MATCH = YES;
				"CODE_SIGN_IDENTITY[sdk=iphoneos*]" = "iPhone Developer";
				COPY_PHASE_STRIP = NO;
				DEBUG_INFORMATION_FORMAT = "dwarf-with-dsym";
				ENABLE_NS_ASSERTIONS = NO;
				ENABLE_STRICT_OBJC_MSGSEND = YES;
				GCC_C_LANGUAGE_STANDARD = gnu99;
				GCC_NO_COMMON_BLOCKS = YES;
				GCC_WARN_64_TO_32_BIT_CONVERSION = YES;
				GCC_WARN_ABOUT_RETURN_TYPE = YES_ERROR;
				GCC_WARN_UNDECLARED_SELECTOR = YES;
				GCC_WARN_UNINITIALIZED_AUTOS = YES_AGGRESSIVE;
				GCC_WARN_UNUSED_FUNCTION = YES;
				GCC_WARN_UNUSED_VARIABLE = YES;
				IPHONEOS_DEPLOYMENT_TARGET = 9.0;
				MTL_ENABLE_DEBUG_INFO = NO;
				SDKROOT = iphoneos;
				TARGETED_DEVICE_FAMILY = "1,2";
				VALIDATE_PRODUCT = YES;
			};
			name = Release;
		};
		FFD50C211D3B3A38004D4B2E /* Debug */ = {
			isa = XCBuildConfiguration;
			buildSettings = {
				ASSETCATALOG_COMPILER_APPICON_NAME = AppIcon;
				INFOPLIST_FILE = JsonParse/Info.plist;
				LD_RUNPATH_SEARCH_PATHS = "$(inherited) @executable_path/Frameworks";
				PRODUCT_BUNDLE_IDENTIFIER = panchal.JsonParse;
				PRODUCT_NAME = "$(TARGET_NAME)";
			};
			name = Debug;
		};
		FFD50C221D3B3A38004D4B2E /* Release */ = {
			isa = XCBuildConfiguration;
			buildSettings = {
				ASSETCATALOG_COMPILER_APPICON_NAME = AppIcon;
				INFOPLIST_FILE = JsonParse/Info.plist;
				LD_RUNPATH_SEARCH_PATHS = "$(inherited) @executable_path/Frameworks";
				PRODUCT_BUNDLE_IDENTIFIER = panchal.JsonParse;
				PRODUCT_NAME = "$(TARGET_NAME)";
			};
			name = Release;
		};
		FFD50C241D3B3A38004D4B2E /* Debug */ = {
			isa = XCBuildConfiguration;
			buildSettings = {
				BUNDLE_LOADER = "$(TEST_HOST)";
				INFOPLIST_FILE = JsonParseTests/Info.plist;
				LD_RUNPATH_SEARCH_PATHS = "$(inherited) @executable_path/Frameworks @loader_path/Frameworks";
				PRODUCT_BUNDLE_IDENTIFIER = panchal.JsonParseTests;
				PRODUCT_NAME = "$(TARGET_NAME)";
				TEST_HOST = "$(BUILT_PRODUCTS_DIR)/JsonParse.app/JsonParse";
			};
			name = Debug;
		};
		FFD50C251D3B3A38004D4B2E /* Release */ = {
			isa = XCBuildConfiguration;
			buildSettings = {
				BUNDLE_LOADER = "$(TEST_HOST)";
				INFOPLIST_FILE = JsonParseTests/Info.plist;
				LD_RUNPATH_SEARCH_PATHS = "$(inherited) @executable_path/Frameworks @loader_path/Frameworks";
				PRODUCT_BUNDLE_IDENTIFIER = panchal.JsonParseTests;
				PRODUCT_NAME = "$(TARGET_NAME)";
				TEST_HOST = "$(BUILT_PRODUCTS_DIR)/JsonParse.app/JsonParse";
			};
			name = Release;
		};
/* End XCBuildConfiguration section */

/* Begin XCConfigurationList section */
		FFD50BF91D3B3A37004D4B2E /* Build configuration list for PBXProject "JsonParse" */ = {
			isa = XCConfigurationList;
			buildConfigurations = (
				FFD50C1E1D3B3A38004D4B2E /* Debug */,
				FFD50C1F1D3B3A38004D4B2E /* Release */,
			);
			defaultConfigurationIsVisible = 0;
			defaultConfigurationName = Release;
		};
		FFD50C201D3B3A38004D4B2E /* Build configuration list for PBXNativeTarget "JsonParse" */ = {
			isa = XCConfigurationList;
			buildConfigurations = (
				FFD50C211D3B3A38004D4B2E /* Debug */,
				FFD50C221D3B3A38004D4B2E /* Release */,
			);
			defaultConfigurationIsVisible = 0;
		};
		FFD50C231D3B3A38004D4B2E /* Build configuration list for PBXNativeTarget "JsonParseTests" */ = {
			isa = XCConfigurationList;
			buildConfigurations = (
				FFD50C241D3B3A38004D4B2E /* Debug */,
				FFD50C251D3B3A38004D4B2E /* Release */,
			);
			defaultConfigurationIsVisible = 0;
		};
/* End XCConfigurationList section */
	};
	rootObject = FFD50BF61D3B3A37004D4B2E /* Project object */;
}
